
Microsoft Visual Studio Solution File, Format Version 12.00
# Visual Studio Version 16
VisualStudioVersion = 16.0.29306.81
MinimumVisualStudioVersion = 10.0.40219.1
Project("{FAE04EC0-301F-11D3-BF4B-00C04F79EFBC}") = "Logic", "Logic\Logic.csproj", "{91B3ADE5-A4E3-4F8A-AD96-F9D0D55DA3E1}"
EndProject
Project("{FAE04EC0-301F-11D3-BF4B-00C04F79EFBC}") = "CommonProgram", "CommonProgram\CommonProgram.csproj", "{0FE45876-F893-4142-B7F5-CA91F2DDD997}"
	ProjectSection(ProjectDependencies) = postProject
		{91B3ADE5-A4E3-4F8A-AD96-F9D0D55DA3E1} = {91B3ADE5-A4E3-4F8A-AD96-F9D0D55DA3E1}
	EndProjectSection
EndProject
Global
	GlobalSection(SolutionConfigurationPlatforms) = preSolution
		Debug|Any CPU = Debug|Any CPU
		Release|Any CPU = Release|Any CPU
	EndGlobalSection
	GlobalSection(ProjectConfigurationPlatforms) = postSolution
		{91B3ADE5-A4E3-4F8A-AD96-F9D0D55DA3E1}.Debug|Any CPU.ActiveCfg = Debug|Any CPU
		{91B3ADE5-A4E3-4F8A-AD96-F9D0D55DA3E1}.Debug|Any CPU.Build.0 = Debug|Any CPU
		{91B3ADE5-A4E3-4F8A-AD96-F9D0D55DA3E1}.Release|Any CPU.ActiveCfg = Release|Any CPU
		{91B3ADE5-A4E3-4F8A-AD96-F9D0D55DA3E1}.Release|Any CPU.Build.0 = Release|Any CPU
		{0FE45876-F893-4142-B7F5-CA91F2DDD997}.Debug|Any CPU.ActiveCfg = Debug|Any CPU
		{0FE45876-F893-4142-B7F5-CA91F2DDD997}.Debug|Any CPU.Build.0 = Debug|Any CPU
		{0FE45876-F893-4142-B7F5-CA91F2DDD997}.Release|Any CPU.ActiveCfg = Release|Any CPU
		{0FE45876-F893-4142-B7F5-CA91F2DDD997}.Release|Any CPU.Build.0 = Release|Any CPU
	EndGlobalSection
	GlobalSection(SolutionProperties) = preSolution
		HideSolutionNode = FALSE
	EndGlobalSection
	GlobalSection(ExtensibilityGlobals) = postSolution
		SolutionGuid = {3763238A-B69D-4444-879F-074628F9087F}
	EndGlobalSection
EndGlobal
